{
    "installed": true,
    "version": "1.0.0",
    "framework": "Plugs Framework",
    "installed_at": "2026-01-22 04:37:01",
    "installed_by": "celionatti@gmail.com",
    "php_version": "8.2.12",
    "environment": "local",
    "app_name": "My Plugs App",
    "database_driver": "mysql",
    "checksum": "721de52b195f0fef6905fdf8896d462368907faed1d76b5792083f99490a72cd"
}